
Microsoft Visual Studio Solution File, Format Version 12.00
# Visual Studio Version 17
VisualStudioVersion = 17.11.35327.3
MinimumVisualStudioVersion = 10.0.40219.1
Project("{8BC9CEB8-8B4A-11D0-8D11-00A0C91BC942}") = "AdditionalStudies", "AdditionalStudies\AdditionalStudies.vcxproj", "{CAFF075E-018F-48B7-AF3D-BE09CE1AD0F7}"
EndProject
Global
	GlobalSection(SolutionConfigurationPlatforms) = preSolution
		Debug|x64 = Debug|x64
		Debug|x86 = Debug|x86
		Release|x64 = Release|x64
		Release|x86 = Release|x86
	EndGlobalSection
	GlobalSection(ProjectConfigurationPlatforms) = postSolution
		{CAFF075E-018F-48B7-AF3D-BE09CE1AD0F7}.Debug|x64.ActiveCfg = Debug|x64
		{CAFF075E-018F-48B7-AF3D-BE09CE1AD0F7}.Debug|x64.Build.0 = Debug|x64
		{CAFF075E-018F-48B7-AF3D-BE09CE1AD0F7}.Debug|x86.ActiveCfg = Debug|Win32
		{CAFF075E-018F-48B7-AF3D-BE09CE1AD0F7}.Debug|x86.Build.0 = Debug|Win32
		{CAFF075E-018F-48B7-AF3D-BE09CE1AD0F7}.Release|x64.ActiveCfg = Release|x64
		{CAFF075E-018F-48B7-AF3D-BE09CE1AD0F7}.Release|x64.Build.0 = Release|x64
		{CAFF075E-018F-48B7-AF3D-BE09CE1AD0F7}.Release|x86.ActiveCfg = Release|Win32
		{CAFF075E-018F-48B7-AF3D-BE09CE1AD0F7}.Release|x86.Build.0 = Release|Win32
	EndGlobalSection
	GlobalSection(SolutionProperties) = preSolution
		HideSolutionNode = FALSE
	EndGlobalSection
	GlobalSection(ExtensibilityGlobals) = postSolution
		SolutionGuid = {AF2B9BE9-1B0E-44DA-953B-C2585FD310EB}
	EndGlobalSection
EndGlobal
